// !$*UTF8*$!
{
	archiveVersion = 1;
	classes = {
	};
	objectVersion = 56;
	objects = {

/* Begin PBXBuildFile section */
		68D2D1E6D5950698360D98F8 /* Pods_MovieApp.framework in Frameworks */ = {isa = PBXBuildFile; fileRef = 6DD31B480FF4C67EC4CC1ACA /* Pods_MovieApp.framework */; };
		AA9E9EB729D8682400BA89B8 /* BaseModel.swift in Sources */ = {isa = PBXBuildFile; fileRef = AA9E9EB629D8682400BA89B8 /* BaseModel.swift */; };
		AA9E9EBA29D86CEC00BA89B8 /* Movie.swift in Sources */ = {isa = PBXBuildFile; fileRef = AA9E9EB929D86CEC00BA89B8 /* Movie.swift */; };
		AA9E9EBC29D86D0300BA89B8 /* MovieResult.swift in Sources */ = {isa = PBXBuildFile; fileRef = AA9E9EBB29D86D0300BA89B8 /* MovieResult.swift */; };
		AA9E9EBF29D86DCC00BA89B8 /* MovieService.swift in Sources */ = {isa = PBXBuildFile; fileRef = AA9E9EBE29D86DCC00BA89B8 /* MovieService.swift */; };
		AA9E9EC129D86DE900BA89B8 /* constants.swift in Sources */ = {isa = PBXBuildFile; fileRef = AA9E9EC029D86DE900BA89B8 /* constants.swift */; };
		AA9E9EC729D8703600BA89B8 /* MovieListVC.swift in Sources */ = {isa = PBXBuildFile; fileRef = AA9E9EC529D8703600BA89B8 /* MovieListVC.swift */; };
		AA9E9EC829D8703600BA89B8 /* MovieListVC.xib in Resources */ = {isa = PBXBuildFile; fileRef = AA9E9EC629D8703600BA89B8 /* MovieListVC.xib */; };
		AA9E9ECC29D870C900BA89B8 /* MovieList + TVExtenstion.swift in Sources */ = {isa = PBXBuildFile; fileRef = AA9E9ECB29D870C900BA89B8 /* MovieList + TVExtenstion.swift */; };
		AA9E9ED029D8718200BA89B8 /* MovieTVCell.swift in Sources */ = {isa = PBXBuildFile; fileRef = AA9E9ECE29D8718200BA89B8 /* MovieTVCell.swift */; };
		AA9E9ED129D8718200BA89B8 /* MovieTVCell.xib in Resources */ = {isa = PBXBuildFile; fileRef = AA9E9ECF29D8718200BA89B8 /* MovieTVCell.xib */; };
		AA9E9ED529D8736100BA89B8 /* MovieListVM.swift in Sources */ = {isa = PBXBuildFile; fileRef = AA9E9ED429D8736100BA89B8 /* MovieListVM.swift */; };
		AA9E9ED929D8751E00BA89B8 /* UITableView + Extenstion.swift in Sources */ = {isa = PBXBuildFile; fileRef = AA9E9ED829D8751E00BA89B8 /* UITableView + Extenstion.swift */; };
		AA9E9EDB29D8757000BA89B8 /* Movie + Extenstion.swift in Sources */ = {isa = PBXBuildFile; fileRef = AA9E9EDA29D8757000BA89B8 /* Movie + Extenstion.swift */; };
		AA9E9EDD29D8781000BA89B8 /* UIImage + Extenstion.swift in Sources */ = {isa = PBXBuildFile; fileRef = AA9E9EDC29D8781000BA89B8 /* UIImage + Extenstion.swift */; };
		AA9E9EE029D887E500BA89B8 /* DetailMovieVM.swift in Sources */ = {isa = PBXBuildFile; fileRef = AA9E9EDF29D887E500BA89B8 /* DetailMovieVM.swift */; };
		AA9E9EE229D8880C00BA89B8 /* DetailMovie.swift in Sources */ = {isa = PBXBuildFile; fileRef = AA9E9EE129D8880C00BA89B8 /* DetailMovie.swift */; };
		AA9E9EE629D8895100BA89B8 /* MovieDetailsVC.swift in Sources */ = {isa = PBXBuildFile; fileRef = AA9E9EE429D8895100BA89B8 /* MovieDetailsVC.swift */; };
		AA9E9EE729D8895100BA89B8 /* MovieDetailsVC.xib in Resources */ = {isa = PBXBuildFile; fileRef = AA9E9EE529D8895100BA89B8 /* MovieDetailsVC.xib */; };
		B777377F29D85830007F0CE9 /* AppDelegate.swift in Sources */ = {isa = PBXBuildFile; fileRef = B777377E29D85830007F0CE9 /* AppDelegate.swift */; };
		B777378129D85830007F0CE9 /* SceneDelegate.swift in Sources */ = {isa = PBXBuildFile; fileRef = B777378029D85830007F0CE9 /* SceneDelegate.swift */; };
		B777378329D85830007F0CE9 /* ViewController.swift in Sources */ = {isa = PBXBuildFile; fileRef = B777378229D85830007F0CE9 /* ViewController.swift */; };
		B777378629D85830007F0CE9 /* Main.storyboard in Resources */ = {isa = PBXBuildFile; fileRef = B777378429D85830007F0CE9 /* Main.storyboard */; };
		B777378829D85831007F0CE9 /* Assets.xcassets in Resources */ = {isa = PBXBuildFile; fileRef = B777378729D85831007F0CE9 /* Assets.xcassets */; };
		B777378B29D85831007F0CE9 /* LaunchScreen.storyboard in Resources */ = {isa = PBXBuildFile; fileRef = B777378929D85831007F0CE9 /* LaunchScreen.storyboard */; };
/* End PBXBuildFile section */

/* Begin PBXFileReference section */
		066B4D920AEB9D6634469EE2 /* Pods-MovieApp.debug.xcconfig */ = {isa = PBXFileReference; includeInIndex = 1; lastKnownFileType = text.xcconfig; name = "Pods-MovieApp.debug.xcconfig"; path = "Target Support Files/Pods-MovieApp/Pods-MovieApp.debug.xcconfig"; sourceTree = "<group>"; };
		478386CB8676743D2E666A51 /* Pods-MovieApp.release.xcconfig */ = {isa = PBXFileReference; includeInIndex = 1; lastKnownFileType = text.xcconfig; name = "Pods-MovieApp.release.xcconfig"; path = "Target Support Files/Pods-MovieApp/Pods-MovieApp.release.xcconfig"; sourceTree = "<group>"; };
		6DD31B480FF4C67EC4CC1ACA /* Pods_MovieApp.framework */ = {isa = PBXFileReference; explicitFileType = wrapper.framework; includeInIndex = 0; path = Pods_MovieApp.framework; sourceTree = BUILT_PRODUCTS_DIR; };
		AA9E9EB629D8682400BA89B8 /* BaseModel.swift */ = {isa = PBXFileReference; lastKnownFileType = sourcecode.swift; path = BaseModel.swift; sourceTree = "<group>"; };
		AA9E9EB929D86CEC00BA89B8 /* Movie.swift */ = {isa = PBXFileReference; lastKnownFileType = sourcecode.swift; path = Movie.swift; sourceTree = "<group>"; };
		AA9E9EBB29D86D0300BA89B8 /* MovieResult.swift */ = {isa = PBXFileReference; lastKnownFileType = sourcecode.swift; path = MovieResult.swift; sourceTree = "<group>"; };
		AA9E9EBE29D86DCC00BA89B8 /* MovieService.swift */ = {isa = PBXFileReference; lastKnownFileType = sourcecode.swift; path = MovieService.swift; sourceTree = "<group>"; };
		AA9E9EC029D86DE900BA89B8 /* constants.swift */ = {isa = PBXFileReference; lastKnownFileType = sourcecode.swift; path = constants.swift; sourceTree = "<group>"; };
		AA9E9EC529D8703600BA89B8 /* MovieListVC.swift */ = {isa = PBXFileReference; lastKnownFileType = sourcecode.swift; path = MovieListVC.swift; sourceTree = "<group>"; };
		AA9E9EC629D8703600BA89B8 /* MovieListVC.xib */ = {isa = PBXFileReference; lastKnownFileType = file.xib; path = MovieListVC.xib; sourceTree = "<group>"; };
		AA9E9ECB29D870C900BA89B8 /* MovieList + TVExtenstion.swift */ = {isa = PBXFileReference; lastKnownFileType = sourcecode.swift; path = "MovieList + TVExtenstion.swift"; sourceTree = "<group>"; };
		AA9E9ECE29D8718200BA89B8 /* MovieTVCell.swift */ = {isa = PBXFileReference; lastKnownFileType = sourcecode.swift; path = MovieTVCell.swift; sourceTree = "<group>"; };
		AA9E9ECF29D8718200BA89B8 /* MovieTVCell.xib */ = {isa = PBXFileReference; lastKnownFileType = file.xib; path = MovieTVCell.xib; sourceTree = "<group>"; };
		AA9E9ED429D8736100BA89B8 /* MovieListVM.swift */ = {isa = PBXFileReference; lastKnownFileType = sourcecode.swift; path = MovieListVM.swift; sourceTree = "<group>"; };
		AA9E9ED829D8751E00BA89B8 /* UITableView + Extenstion.swift */ = {isa = PBXFileReference; lastKnownFileType = sourcecode.swift; path = "UITableView + Extenstion.swift"; sourceTree = "<group>"; };
		AA9E9EDA29D8757000BA89B8 /* Movie + Extenstion.swift */ = {isa = PBXFileReference; lastKnownFileType = sourcecode.swift; path = "Movie + Extenstion.swift"; sourceTree = "<group>"; };
		AA9E9EDC29D8781000BA89B8 /* UIImage + Extenstion.swift */ = {isa = PBXFileReference; lastKnownFileType = sourcecode.swift; path = "UIImage + Extenstion.swift"; sourceTree = "<group>"; };
		AA9E9EDF29D887E500BA89B8 /* DetailMovieVM.swift */ = {isa = PBXFileReference; lastKnownFileType = sourcecode.swift; path = DetailMovieVM.swift; sourceTree = "<group>"; };
		AA9E9EE129D8880C00BA89B8 /* DetailMovie.swift */ = {isa = PBXFileReference; lastKnownFileType = sourcecode.swift; path = DetailMovie.swift; sourceTree = "<group>"; };
		AA9E9EE429D8895100BA89B8 /* MovieDetailsVC.swift */ = {isa = PBXFileReference; lastKnownFileType = sourcecode.swift; path = MovieDetailsVC.swift; sourceTree = "<group>"; };
		AA9E9EE529D8895100BA89B8 /* MovieDetailsVC.xib */ = {isa = PBXFileReference; lastKnownFileType = file.xib; path = MovieDetailsVC.xib; sourceTree = "<group>"; };
		B777377B29D85830007F0CE9 /* MovieApp.app */ = {isa = PBXFileReference; explicitFileType = wrapper.application; includeInIndex = 0; path = MovieApp.app; sourceTree = BUILT_PRODUCTS_DIR; };
		B777377E29D85830007F0CE9 /* AppDelegate.swift */ = {isa = PBXFileReference; lastKnownFileType = sourcecode.swift; path = AppDelegate.swift; sourceTree = "<group>"; };
		B777378029D85830007F0CE9 /* SceneDelegate.swift */ = {isa = PBXFileReference; lastKnownFileType = sourcecode.swift; path = SceneDelegate.swift; sourceTree = "<group>"; };
		B777378229D85830007F0CE9 /* ViewController.swift */ = {isa = PBXFileReference; lastKnownFileType = sourcecode.swift; path = ViewController.swift; sourceTree = "<group>"; };
		B777378529D85830007F0CE9 /* Base */ = {isa = PBXFileReference; lastKnownFileType = file.storyboard; name = Base; path = Base.lproj/Main.storyboard; sourceTree = "<group>"; };
		B777378729D85831007F0CE9 /* Assets.xcassets */ = {isa = PBXFileReference; lastKnownFileType = folder.assetcatalog; path = Assets.xcassets; sourceTree = "<group>"; };
		B777378A29D85831007F0CE9 /* Base */ = {isa = PBXFileReference; lastKnownFileType = file.storyboard; name = Base; path = Base.lproj/LaunchScreen.storyboard; sourceTree = "<group>"; };
		B777378C29D85831007F0CE9 /* Info.plist */ = {isa = PBXFileReference; lastKnownFileType = text.plist.xml; path = Info.plist; sourceTree = "<group>"; };
/* End PBXFileReference section */

/* Begin PBXFrameworksBuildPhase section */
		B777377829D85830007F0CE9 /* Frameworks */ = {
			isa = PBXFrameworksBuildPhase;
			buildActionMask = 2147483647;
			files = (
				68D2D1E6D5950698360D98F8 /* Pods_MovieApp.framework in Frameworks */,
			);
			runOnlyForDeploymentPostprocessing = 0;
		};
/* End PBXFrameworksBuildPhase section */

/* Begin PBXGroup section */
		2A70F74369F5804592A0D5B0 /* Pods */ = {
			isa = PBXGroup;
			children = (
				066B4D920AEB9D6634469EE2 /* Pods-MovieApp.debug.xcconfig */,
				478386CB8676743D2E666A51 /* Pods-MovieApp.release.xcconfig */,
			);
			path = Pods;
			sourceTree = "<group>";
		};
		2C17F1A222745F7920C122B7 /* Frameworks */ = {
			isa = PBXGroup;
			children = (
				6DD31B480FF4C67EC4CC1ACA /* Pods_MovieApp.framework */,
			);
			name = Frameworks;
			sourceTree = "<group>";
		};
		AA9E9EB129D867D400BA89B8 /* Layers */ = {
			isa = PBXGroup;
			children = (
				AA9E9ED629D8750100BA89B8 /* Helper */,
				AA9E9ED229D8734D00BA89B8 /* ViewModel */,
				AA9E9EB429D867F900BA89B8 /* BusinessService */,
				AA9E9EB329D867E900BA89B8 /* UI */,
				AA9E9EB229D867DE00BA89B8 /* Controllers */,
			);
			path = Layers;
			sourceTree = "<group>";
		};
		AA9E9EB229D867DE00BA89B8 /* Controllers */ = {
			isa = PBXGroup;
			children = (
				AA9E9EE829D8895600BA89B8 /* MovieDetails */,
				AA9E9EC929D8703C00BA89B8 /* MovieList */,
			);
			path = Controllers;
			sourceTree = "<group>";
		};
		AA9E9EB329D867E900BA89B8 /* UI */ = {
			isa = PBXGroup;
			children = (
				AA9E9EC329D8701B00BA89B8 /* Cells */,
				AA9E9EC229D8701600BA89B8 /* Views */,
			);
			path = UI;
			sourceTree = "<group>";
		};
		AA9E9EB429D867F900BA89B8 /* BusinessService */ = {
			isa = PBXGroup;
			children = (
				AA9E9EBD29D86DA300BA89B8 /* Service */,
				AA9E9EB829D86CAB00BA89B8 /* Models */,
				AA9E9EB529D8681600BA89B8 /* BaseModel */,
			);
			path = BusinessService;
			sourceTree = "<group>";
		};
		AA9E9EB529D8681600BA89B8 /* BaseModel */ = {
			isa = PBXGroup;
			children = (
				AA9E9EB629D8682400BA89B8 /* BaseModel.swift */,
			);
			path = BaseModel;
			sourceTree = "<group>";
		};
		AA9E9EB829D86CAB00BA89B8 /* Models */ = {
			isa = PBXGroup;
			children = (
				AA9E9EB929D86CEC00BA89B8 /* Movie.swift */,
				AA9E9EBB29D86D0300BA89B8 /* MovieResult.swift */,
				AA9E9EE129D8880C00BA89B8 /* DetailMovie.swift */,
			);
			path = Models;
			sourceTree = "<group>";
		};
		AA9E9EBD29D86DA300BA89B8 /* Service */ = {
			isa = PBXGroup;
			children = (
				AA9E9EBE29D86DCC00BA89B8 /* MovieService.swift */,
				AA9E9EC029D86DE900BA89B8 /* constants.swift */,
			);
			path = Service;
			sourceTree = "<group>";
		};
		AA9E9EC229D8701600BA89B8 /* Views */ = {
			isa = PBXGroup;
			children = (
				AA9E9EE329D8893A00BA89B8 /* DetailMovie */,
				AA9E9EC429D8702100BA89B8 /* MovieList */,
			);
			path = Views;
			sourceTree = "<group>";
		};
		AA9E9EC329D8701B00BA89B8 /* Cells */ = {
			isa = PBXGroup;
			children = (
				AA9E9ECD29D8715E00BA89B8 /* Movie */,
			);
			path = Cells;
			sourceTree = "<group>";
		};
		AA9E9EC429D8702100BA89B8 /* MovieList */ = {
			isa = PBXGroup;
			children = (
				AA9E9EC629D8703600BA89B8 /* MovieListVC.xib */,
			);
			path = MovieList;
			sourceTree = "<group>";
		};
		AA9E9EC929D8703C00BA89B8 /* MovieList */ = {
			isa = PBXGroup;
			children = (
				AA9E9ECA29D870B500BA89B8 /* Extenstion */,
				AA9E9EC529D8703600BA89B8 /* MovieListVC.swift */,
			);
			path = MovieList;
			sourceTree = "<group>";
		};
		AA9E9ECA29D870B500BA89B8 /* Extenstion */ = {
			isa = PBXGroup;
			children = (
				AA9E9ECB29D870C900BA89B8 /* MovieList + TVExtenstion.swift */,
				AA9E9EDA29D8757000BA89B8 /* Movie + Extenstion.swift */,
			);
			path = Extenstion;
			sourceTree = "<group>";
		};
		AA9E9ECD29D8715E00BA89B8 /* Movie */ = {
			isa = PBXGroup;
			children = (
				AA9E9ECE29D8718200BA89B8 /* MovieTVCell.swift */,
				AA9E9ECF29D8718200BA89B8 /* MovieTVCell.xib */,
			);
			path = Movie;
			sourceTree = "<group>";
		};
		AA9E9ED229D8734D00BA89B8 /* ViewModel */ = {
			isa = PBXGroup;
			children = (
				AA9E9EDE29D887D700BA89B8 /* DetailMovie */,
				AA9E9ED329D8735400BA89B8 /* MovieList */,
			);
			path = ViewModel;
			sourceTree = "<group>";
		};
		AA9E9ED329D8735400BA89B8 /* MovieList */ = {
			isa = PBXGroup;
			children = (
				AA9E9ED429D8736100BA89B8 /* MovieListVM.swift */,
			);
			path = MovieList;
			sourceTree = "<group>";
		};
		AA9E9ED629D8750100BA89B8 /* Helper */ = {
			isa = PBXGroup;
			children = (
				AA9E9ED729D8750D00BA89B8 /* Extenstions */,
			);
			path = Helper;
			sourceTree = "<group>";
		};
		AA9E9ED729D8750D00BA89B8 /* Extenstions */ = {
			isa = PBXGroup;
			children = (
				AA9E9ED829D8751E00BA89B8 /* UITableView + Extenstion.swift */,
				AA9E9EDC29D8781000BA89B8 /* UIImage + Extenstion.swift */,
			);
			path = Extenstions;
			sourceTree = "<group>";
		};
		AA9E9EDE29D887D700BA89B8 /* DetailMovie */ = {
			isa = PBXGroup;
			children = (
				AA9E9EDF29D887E500BA89B8 /* DetailMovieVM.swift */,
			);
			path = DetailMovie;
			sourceTree = "<group>";
		};
		AA9E9EE329D8893A00BA89B8 /* DetailMovie */ = {
			isa = PBXGroup;
			children = (
				AA9E9EE529D8895100BA89B8 /* MovieDetailsVC.xib */,
			);
			path = DetailMovie;
			sourceTree = "<group>";
		};
		AA9E9EE829D8895600BA89B8 /* MovieDetails */ = {
			isa = PBXGroup;
			children = (
				AA9E9EE429D8895100BA89B8 /* MovieDetailsVC.swift */,
			);
			path = MovieDetails;
			sourceTree = "<group>";
		};
		B777377229D85830007F0CE9 = {
			isa = PBXGroup;
			children = (
				B777377D29D85830007F0CE9 /* MovieApp */,
				B777377C29D85830007F0CE9 /* Products */,
				2A70F74369F5804592A0D5B0 /* Pods */,
				2C17F1A222745F7920C122B7 /* Frameworks */,
			);
			sourceTree = "<group>";
		};
		B777377C29D85830007F0CE9 /* Products */ = {
			isa = PBXGroup;
			children = (
				B777377B29D85830007F0CE9 /* MovieApp.app */,
			);
			name = Products;
			sourceTree = "<group>";
		};
		B777377D29D85830007F0CE9 /* MovieApp */ = {
			isa = PBXGroup;
			children = (
				AA9E9EB129D867D400BA89B8 /* Layers */,
				B777377E29D85830007F0CE9 /* AppDelegate.swift */,
				B777378029D85830007F0CE9 /* SceneDelegate.swift */,
				B777378229D85830007F0CE9 /* ViewController.swift */,
				B777378429D85830007F0CE9 /* Main.storyboard */,
				B777378729D85831007F0CE9 /* Assets.xcassets */,
				B777378929D85831007F0CE9 /* LaunchScreen.storyboard */,
				B777378C29D85831007F0CE9 /* Info.plist */,
			);
			path = MovieApp;
			sourceTree = "<group>";
		};
/* End PBXGroup section */

/* Begin PBXNativeTarget section */
		B777377A29D85830007F0CE9 /* MovieApp */ = {
			isa = PBXNativeTarget;
			buildConfigurationList = B777378F29D85831007F0CE9 /* Build configuration list for PBXNativeTarget "MovieApp" */;
			buildPhases = (
				A464BE707B0EA6CCE8E975EC /* [CP] Check Pods Manifest.lock */,
				B777377729D85830007F0CE9 /* Sources */,
				B777377829D85830007F0CE9 /* Frameworks */,
				B777377929D85830007F0CE9 /* Resources */,
				B6AEB80545789460D5ECADF1 /* [CP] Embed Pods Frameworks */,
			);
			buildRules = (
			);
			dependencies = (
			);
			name = MovieApp;
			productName = MovieApp;
			productReference = B777377B29D85830007F0CE9 /* MovieApp.app */;
			productType = "com.apple.product-type.application";
		};
/* End PBXNativeTarget section */

/* Begin PBXProject section */
		B777377329D85830007F0CE9 /* Project object */ = {
			isa = PBXProject;
			attributes = {
				BuildIndependentTargetsInParallel = 1;
				LastSwiftUpdateCheck = 1420;
				LastUpgradeCheck = 1420;
				TargetAttributes = {
					B777377A29D85830007F0CE9 = {
						CreatedOnToolsVersion = 14.2;
					};
				};
			};
			buildConfigurationList = B777377629D85830007F0CE9 /* Build configuration list for PBXProject "MovieApp" */;
			compatibilityVersion = "Xcode 14.0";
			developmentRegion = en;
			hasScannedForEncodings = 0;
			knownRegions = (
				en,
				Base,
			);
			mainGroup = B777377229D85830007F0CE9;
			productRefGroup = B777377C29D85830007F0CE9 /* Products */;
			projectDirPath = "";
			projectRoot = "";
			targets = (
				B777377A29D85830007F0CE9 /* MovieApp */,
			);
		};
/* End PBXProject section */

/* Begin PBXResourcesBuildPhase section */
		B777377929D85830007F0CE9 /* Resources */ = {
			isa = PBXResourcesBuildPhase;
			buildActionMask = 2147483647;
			files = (
				B777378B29D85831007F0CE9 /* LaunchScreen.storyboard in Resources */,
				AA9E9ED129D8718200BA89B8 /* MovieTVCell.xib in Resources */,
				AA9E9EE729D8895100BA89B8 /* MovieDetailsVC.xib in Resources */,
				AA9E9EC829D8703600BA89B8 /* MovieListVC.xib in Resources */,
				B777378829D85831007F0CE9 /* Assets.xcassets in Resources */,
				B777378629D85830007F0CE9 /* Main.storyboard in Resources */,
			);
			runOnlyForDeploymentPostprocessing = 0;
		};
/* End PBXResourcesBuildPhase section */

/* Begin PBXShellScriptBuildPhase section */
		A464BE707B0EA6CCE8E975EC /* [CP] Check Pods Manifest.lock */ = {
			isa = PBXShellScriptBuildPhase;
			buildActionMask = 2147483647;
			files = (
			);
			inputFileListPaths = (
			);
			inputPaths = (
				"${PODS_PODFILE_DIR_PATH}/Podfile.lock",
				"${PODS_ROOT}/Manifest.lock",
			);
			name = "[CP] Check Pods Manifest.lock";
			outputFileListPaths = (
			);
			outputPaths = (
				"$(DERIVED_FILE_DIR)/Pods-MovieApp-checkManifestLockResult.txt",
			);
			runOnlyForDeploymentPostprocessing = 0;
			shellPath = /bin/sh;
			shellScript = "diff \"${PODS_PODFILE_DIR_PATH}/Podfile.lock\" \"${PODS_ROOT}/Manifest.lock\" > /dev/null\nif [ $? != 0 ] ; then\n    # print error to STDERR\n    echo \"error: The sandbox is not in sync with the Podfile.lock. Run 'pod install' or update your CocoaPods installation.\" >&2\n    exit 1\nfi\n# This output is used by Xcode 'outputs' to avoid re-running this script phase.\necho \"SUCCESS\" > \"${SCRIPT_OUTPUT_FILE_0}\"\n";
			showEnvVarsInLog = 0;
		};
		B6AEB80545789460D5ECADF1 /* [CP] Embed Pods Frameworks */ = {
			isa = PBXShellScriptBuildPhase;
			buildActionMask = 2147483647;
			files = (
			);
			inputFileListPaths = (
				"${PODS_ROOT}/Target Support Files/Pods-MovieApp/Pods-MovieApp-frameworks-${CONFIGURATION}-input-files.xcfilelist",
			);
			name = "[CP] Embed Pods Frameworks";
			outputFileListPaths = (
				"${PODS_ROOT}/Target Support Files/Pods-MovieApp/Pods-MovieApp-frameworks-${CONFIGURATION}-output-files.xcfilelist",
			);
			runOnlyForDeploymentPostprocessing = 0;
			shellPath = /bin/sh;
			shellScript = "\"${PODS_ROOT}/Target Support Files/Pods-MovieApp/Pods-MovieApp-frameworks.sh\"\n";
			showEnvVarsInLog = 0;
		};
/* End PBXShellScriptBuildPhase section */

/* Begin PBXSourcesBuildPhase section */
		B777377729D85830007F0CE9 /* Sources */ = {
			isa = PBXSourcesBuildPhase;
			buildActionMask = 2147483647;
			files = (
				B777378329D85830007F0CE9 /* ViewController.swift in Sources */,
				AA9E9ECC29D870C900BA89B8 /* MovieList + TVExtenstion.swift in Sources */,
				AA9E9EBC29D86D0300BA89B8 /* MovieResult.swift in Sources */,
				AA9E9EDB29D8757000BA89B8 /* Movie + Extenstion.swift in Sources */,
				AA9E9EE029D887E500BA89B8 /* DetailMovieVM.swift in Sources */,
				AA9E9EC729D8703600BA89B8 /* MovieListVC.swift in Sources */,
				AA9E9EE229D8880C00BA89B8 /* DetailMovie.swift in Sources */,
				B777377F29D85830007F0CE9 /* AppDelegate.swift in Sources */,
				AA9E9EB729D8682400BA89B8 /* BaseModel.swift in Sources */,
				B777378129D85830007F0CE9 /* SceneDelegate.swift in Sources */,
				AA9E9EBA29D86CEC00BA89B8 /* Movie.swift in Sources */,
				AA9E9ED029D8718200BA89B8 /* MovieTVCell.swift in Sources */,
				AA9E9ED929D8751E00BA89B8 /* UITableView + Extenstion.swift in Sources */,
				AA9E9EDD29D8781000BA89B8 /* UIImage + Extenstion.swift in Sources */,
				AA9E9EE629D8895100BA89B8 /* MovieDetailsVC.swift in Sources */,
				AA9E9EBF29D86DCC00BA89B8 /* MovieService.swift in Sources */,
				AA9E9EC129D86DE900BA89B8 /* constants.swift in Sources */,
				AA9E9ED529D8736100BA89B8 /* MovieListVM.swift in Sources */,
			);
			runOnlyForDeploymentPostprocessing = 0;
		};
/* End PBXSourcesBuildPhase section */

/* Begin PBXVariantGroup section */
		B777378429D85830007F0CE9 /* Main.storyboard */ = {
			isa = PBXVariantGroup;
			children = (
				B777378529D85830007F0CE9 /* Base */,
			);
			name = Main.storyboard;
			sourceTree = "<group>";
		};
		B777378929D85831007F0CE9 /* LaunchScreen.storyboard */ = {
			isa = PBXVariantGroup;
			children = (
				B777378A29D85831007F0CE9 /* Base */,
			);
			name = LaunchScreen.storyboard;
			sourceTree = "<group>";
		};
/* End PBXVariantGroup section */

/* Begin XCBuildConfiguration section */
		B777378D29D85831007F0CE9 /* Debug */ = {
			isa = XCBuildConfiguration;
			buildSettings = {
				ALWAYS_SEARCH_USER_PATHS = NO;
				CLANG_ANALYZER_NONNULL = YES;
				CLANG_ANALYZER_NUMBER_OBJECT_CONVERSION = YES_AGGRESSIVE;
				CLANG_CXX_LANGUAGE_STANDARD = "gnu++20";
				CLANG_ENABLE_MODULES = YES;
				CLANG_ENABLE_OBJC_ARC = YES;
				CLANG_ENABLE_OBJC_WEAK = YES;
				CLANG_WARN_BLOCK_CAPTURE_AUTORELEASING = YES;
				CLANG_WARN_BOOL_CONVERSION = YES;
				CLANG_WARN_COMMA = YES;
				CLANG_WARN_CONSTANT_CONVERSION = YES;
				CLANG_WARN_DEPRECATED_OBJC_IMPLEMENTATIONS = YES;
				CLANG_WARN_DIRECT_OBJC_ISA_USAGE = YES_ERROR;
				CLANG_WARN_DOCUMENTATION_COMMENTS = YES;
				CLANG_WARN_EMPTY_BODY = YES;
				CLANG_WARN_ENUM_CONVERSION = YES;
				CLANG_WARN_INFINITE_RECURSION = YES;
				CLANG_WARN_INT_CONVERSION = YES;
				CLANG_WARN_NON_LITERAL_NULL_CONVERSION = YES;
				CLANG_WARN_OBJC_IMPLICIT_RETAIN_SELF = YES;
				CLANG_WARN_OBJC_LITERAL_CONVERSION = YES;
				CLANG_WARN_OBJC_ROOT_CLASS = YES_ERROR;
				CLANG_WARN_QUOTED_INCLUDE_IN_FRAMEWORK_HEADER = YES;
				CLANG_WARN_RANGE_LOOP_ANALYSIS = YES;
				CLANG_WARN_STRICT_PROTOTYPES = YES;
				CLANG_WARN_SUSPICIOUS_MOVE = YES;
				CLANG_WARN_UNGUARDED_AVAILABILITY = YES_AGGRESSIVE;
				CLANG_WARN_UNREACHABLE_CODE = YES;
				CLANG_WARN__DUPLICATE_METHOD_MATCH = YES;
				COPY_PHASE_STRIP = NO;
				DEBUG_INFORMATION_FORMAT = dwarf;
				ENABLE_STRICT_OBJC_MSGSEND = YES;
				ENABLE_TESTABILITY = YES;
				GCC_C_LANGUAGE_STANDARD = gnu11;
				GCC_DYNAMIC_NO_PIC = NO;
				GCC_NO_COMMON_BLOCKS = YES;
				GCC_OPTIMIZATION_LEVEL = 0;
				GCC_PREPROCESSOR_DEFINITIONS = (
					"DEBUG=1",
					"$(inherited)",
				);
				GCC_WARN_64_TO_32_BIT_CONVERSION = YES;
				GCC_WARN_ABOUT_RETURN_TYPE = YES_ERROR;
				GCC_WARN_UNDECLARED_SELECTOR = YES;
				GCC_WARN_UNINITIALIZED_AUTOS = YES_AGGRESSIVE;
				GCC_WARN_UNUSED_FUNCTION = YES;
				GCC_WARN_UNUSED_VARIABLE = YES;
				IPHONEOS_DEPLOYMENT_TARGET = 16.2;
				MTL_ENABLE_DEBUG_INFO = INCLUDE_SOURCE;
				MTL_FAST_MATH = YES;
				ONLY_ACTIVE_ARCH = YES;
				SDKROOT = iphoneos;
				SWIFT_ACTIVE_COMPILATION_CONDITIONS = DEBUG;
				SWIFT_OPTIMIZATION_LEVEL = "-Onone";
			};
			name = Debug;
		};
		B777378E29D85831007F0CE9 /* Release */ = {
			isa = XCBuildConfiguration;
			buildSettings = {
				ALWAYS_SEARCH_USER_PATHS = NO;
				CLANG_ANALYZER_NONNULL = YES;
				CLANG_ANALYZER_NUMBER_OBJECT_CONVERSION = YES_AGGRESSIVE;
				CLANG_CXX_LANGUAGE_STANDARD = "gnu++20";
				CLANG_ENABLE_MODULES = YES;
				CLANG_ENABLE_OBJC_ARC = YES;
				CLANG_ENABLE_OBJC_WEAK = YES;
				CLANG_WARN_BLOCK_CAPTURE_AUTORELEASING = YES;
				CLANG_WARN_BOOL_CONVERSION = YES;
				CLANG_WARN_COMMA = YES;
				CLANG_WARN_CONSTANT_CONVERSION = YES;
				CLANG_WARN_DEPRECATED_OBJC_IMPLEMENTATIONS = YES;
				CLANG_WARN_DIRECT_OBJC_ISA_USAGE = YES_ERROR;
				CLANG_WARN_DOCUMENTATION_COMMENTS = YES;
				CLANG_WARN_EMPTY_BODY = YES;
				CLANG_WARN_ENUM_CONVERSION = YES;
				CLANG_WARN_INFINITE_RECURSION = YES;
				CLANG_WARN_INT_CONVERSION = YES;
				CLANG_WARN_NON_LITERAL_NULL_CONVERSION = YES;
				CLANG_WARN_OBJC_IMPLICIT_RETAIN_SELF = YES;
				CLANG_WARN_OBJC_LITERAL_CONVERSION = YES;
				CLANG_WARN_OBJC_ROOT_CLASS = YES_ERROR;
				CLANG_WARN_QUOTED_INCLUDE_IN_FRAMEWORK_HEADER = YES;
				CLANG_WARN_RANGE_LOOP_ANALYSIS = YES;
				CLANG_WARN_STRICT_PROTOTYPES = YES;
				CLANG_WARN_SUSPICIOUS_MOVE = YES;
				CLANG_WARN_UNGUARDED_AVAILABILITY = YES_AGGRESSIVE;
				CLANG_WARN_UNREACHABLE_CODE = YES;
				CLANG_WARN__DUPLICATE_METHOD_MATCH = YES;
				COPY_PHASE_STRIP = NO;
				DEBUG_INFORMATION_FORMAT = "dwarf-with-dsym";
				ENABLE_NS_ASSERTIONS = NO;
				ENABLE_STRICT_OBJC_MSGSEND = YES;
				GCC_C_LANGUAGE_STANDARD = gnu11;
				GCC_NO_COMMON_BLOCKS = YES;
				GCC_WARN_64_TO_32_BIT_CONVERSION = YES;
				GCC_WARN_ABOUT_RETURN_TYPE = YES_ERROR;
				GCC_WARN_UNDECLARED_SELECTOR = YES;
				GCC_WARN_UNINITIALIZED_AUTOS = YES_AGGRESSIVE;
				GCC_WARN_UNUSED_FUNCTION = YES;
				GCC_WARN_UNUSED_VARIABLE = YES;
				IPHONEOS_DEPLOYMENT_TARGET = 16.2;
				MTL_ENABLE_DEBUG_INFO = NO;
				MTL_FAST_MATH = YES;
				SDKROOT = iphoneos;
				SWIFT_COMPILATION_MODE = wholemodule;
				SWIFT_OPTIMIZATION_LEVEL = "-O";
				VALIDATE_PRODUCT = YES;
			};
			name = Release;
		};
		B777379029D85831007F0CE9 /* Debug */ = {
			isa = XCBuildConfiguration;
			baseConfigurationReference = 066B4D920AEB9D6634469EE2 /* Pods-MovieApp.debug.xcconfig */;
			buildSettings = {
				ASSETCATALOG_COMPILER_APPICON_NAME = AppIcon;
				ASSETCATALOG_COMPILER_GLOBAL_ACCENT_COLOR_NAME = AccentColor;
				CODE_SIGN_STYLE = Automatic;
				CURRENT_PROJECT_VERSION = 1;
				DEVELOPMENT_TEAM = 3VV7T7W7D6;
				GENERATE_INFOPLIST_FILE = YES;
				INFOPLIST_FILE = MovieApp/Info.plist;
				INFOPLIST_KEY_UIApplicationSupportsIndirectInputEvents = YES;
				INFOPLIST_KEY_UILaunchStoryboardName = LaunchScreen;
				INFOPLIST_KEY_UIMainStoryboardFile = Main;
				INFOPLIST_KEY_UISupportedInterfaceOrientations_iPad = "UIInterfaceOrientationPortrait UIInterfaceOrientationPortraitUpsideDown UIInterfaceOrientationLandscapeLeft UIInterfaceOrientationLandscapeRight";
				INFOPLIST_KEY_UISupportedInterfaceOrientations_iPhone = "UIInterfaceOrientationPortrait UIInterfaceOrientationLandscapeLeft UIInterfaceOrientationLandscapeRight";
				LD_RUNPATH_SEARCH_PATHS = (
					"$(inherited)",
					"@executable_path/Frameworks",
				);
				MARKETING_VERSION = 1.0;
				PRODUCT_BUNDLE_IDENTIFIER = com.movie.eg.MovieApp;
				PRODUCT_NAME = "$(TARGET_NAME)";
				SWIFT_EMIT_LOC_STRINGS = YES;
				SWIFT_VERSION = 5.0;
				TARGETED_DEVICE_FAMILY = "1,2";
			};
			name = Debug;
		};
		B777379129D85831007F0CE9 /* Release */ = {
			isa = XCBuildConfiguration;
			baseConfigurationReference = 478386CB8676743D2E666A51 /* Pods-MovieApp.release.xcconfig */;
			buildSettings = {
				ASSETCATALOG_COMPILER_APPICON_NAME = AppIcon;
				ASSETCATALOG_COMPILER_GLOBAL_ACCENT_COLOR_NAME = AccentColor;
				CODE_SIGN_STYLE = Automatic;
				CURRENT_PROJECT_VERSION = 1;
				DEVELOPMENT_TEAM = 3VV7T7W7D6;
				GENERATE_INFOPLIST_FILE = YES;
				INFOPLIST_FILE = MovieApp/Info.plist;
				INFOPLIST_KEY_UIApplicationSupportsIndirectInputEvents = YES;
				INFOPLIST_KEY_UILaunchStoryboardName = LaunchScreen;
				INFOPLIST_KEY_UIMainStoryboardFile = Main;
				INFOPLIST_KEY_UISupportedInterfaceOrientations_iPad = "UIInterfaceOrientationPortrait UIInterfaceOrientationPortraitUpsideDown UIInterfaceOrientationLandscapeLeft UIInterfaceOrientationLandscapeRight";
				INFOPLIST_KEY_UISupportedInterfaceOrientations_iPhone = "UIInterfaceOrientationPortrait UIInterfaceOrientationLandscapeLeft UIInterfaceOrientationLandscapeRight";
				LD_RUNPATH_SEARCH_PATHS = (
					"$(inherited)",
					"@executable_path/Frameworks",
				);
				MARKETING_VERSION = 1.0;
				PRODUCT_BUNDLE_IDENTIFIER = com.movie.eg.MovieApp;
				PRODUCT_NAME = "$(TARGET_NAME)";
				SWIFT_EMIT_LOC_STRINGS = YES;
				SWIFT_VERSION = 5.0;
				TARGETED_DEVICE_FAMILY = "1,2";
			};
			name = Release;
		};
/* End XCBuildConfiguration section */

/* Begin XCConfigurationList section */
		B777377629D85830007F0CE9 /* Build configuration list for PBXProject "MovieApp" */ = {
			isa = XCConfigurationList;
			buildConfigurations = (
				B777378D29D85831007F0CE9 /* Debug */,
				B777378E29D85831007F0CE9 /* Release */,
			);
			defaultConfigurationIsVisible = 0;
			defaultConfigurationName = Release;
		};
		B777378F29D85831007F0CE9 /* Build configuration list for PBXNativeTarget "MovieApp" */ = {
			isa = XCConfigurationList;
			buildConfigurations = (
				B777379029D85831007F0CE9 /* Debug */,
				B777379129D85831007F0CE9 /* Release */,
			);
			defaultConfigurationIsVisible = 0;
			defaultConfigurationName = Release;
		};
/* End XCConfigurationList section */
	};
	rootObject = B777377329D85830007F0CE9 /* Project object */;
}
